
Microsoft Visual Studio Solution File, Format Version 12.00
Project("{2150E333-8FDC-42A3-9474-1A3956D46DE8}") = "Frontend", "Frontend", "{AE0B9A23-A5CA-4602-8A06-A94928BEC6B9}"
EndProject
Project("{FAE04EC0-301F-11D3-BF4B-00C04F79EFBC}") = "Mango.Web", "Mango.Web\Mango.Web.csproj", "{614139C7-E32D-4CB2-B403-E4ED27CA5B02}"
EndProject
Project("{2150E333-8FDC-42A3-9474-1A3956D46DE8}") = "Services", "Services", "{8FA41D6C-BAB3-47D7-985F-8D4D7406F957}"
EndProject
Project("{FAE04EC0-301F-11D3-BF4B-00C04F79EFBC}") = "Mango.Services.ProductAPI", "Mango.Services.ProductAPI\Mango.Services.ProductAPI.csproj", "{3D7E6F52-8DC0-4472-85FA-55CB44B5FB71}"
EndProject
Project("{FAE04EC0-301F-11D3-BF4B-00C04F79EFBC}") = "Mango.Services.Identity", "Mango.Services.Identity\Mango.Services.Identity.csproj", "{150C28A7-F8A6-41C0-80DF-99E0680785AA}"
EndProject
Project("{FAE04EC0-301F-11D3-BF4B-00C04F79EFBC}") = "Mango.Services.ShoppingCartAPI", "Mango.Services.ShoppingCartAPI\Mango.Services.ShoppingCartAPI.csproj", "{A69BDFE3-3A9C-48B6-9A1C-025716D0737D}"
EndProject
Project("{FAE04EC0-301F-11D3-BF4B-00C04F79EFBC}") = "Mango.Services.CouponAPI", "Mango.Services.CouponAPI\Mango.Services.CouponAPI.csproj", "{54BF9054-C8DC-406A-BBE7-10CDC5BDD0D4}"
EndProject
Project("{2150E333-8FDC-42A3-9474-1A3956D46DE8}") = "Integration", "Integration", "{FA3EF84C-2A1C-4C31-91A8-CC6B7B208AB0}"
EndProject
Project("{FAE04EC0-301F-11D3-BF4B-00C04F79EFBC}") = "Mango.MessageBus", "Mango.MessageBus\Mango.MessageBus.csproj", "{67013264-1A71-4807-A102-639C7E5132AF}"
EndProject
Project("{FAE04EC0-301F-11D3-BF4B-00C04F79EFBC}") = "Mango.Services.OrderAPI", "Mango.Services.OrderAPI\Mango.Services.OrderAPI.csproj", "{CACBF947-89ED-4463-ABC8-C70D38CC697E}"
EndProject
Global
	GlobalSection(SolutionConfigurationPlatforms) = preSolution
		Debug|Any CPU = Debug|Any CPU
		Release|Any CPU = Release|Any CPU
	EndGlobalSection
	GlobalSection(NestedProjects) = preSolution
		{614139C7-E32D-4CB2-B403-E4ED27CA5B02} = {AE0B9A23-A5CA-4602-8A06-A94928BEC6B9}
		{3D7E6F52-8DC0-4472-85FA-55CB44B5FB71} = {8FA41D6C-BAB3-47D7-985F-8D4D7406F957}
		{150C28A7-F8A6-41C0-80DF-99E0680785AA} = {8FA41D6C-BAB3-47D7-985F-8D4D7406F957}
		{A69BDFE3-3A9C-48B6-9A1C-025716D0737D} = {8FA41D6C-BAB3-47D7-985F-8D4D7406F957}
		{54BF9054-C8DC-406A-BBE7-10CDC5BDD0D4} = {8FA41D6C-BAB3-47D7-985F-8D4D7406F957}
		{67013264-1A71-4807-A102-639C7E5132AF} = {FA3EF84C-2A1C-4C31-91A8-CC6B7B208AB0}
		{CACBF947-89ED-4463-ABC8-C70D38CC697E} = {8FA41D6C-BAB3-47D7-985F-8D4D7406F957}
	EndGlobalSection
	GlobalSection(ProjectConfigurationPlatforms) = postSolution
		{614139C7-E32D-4CB2-B403-E4ED27CA5B02}.Debug|Any CPU.ActiveCfg = Debug|Any CPU
		{614139C7-E32D-4CB2-B403-E4ED27CA5B02}.Debug|Any CPU.Build.0 = Debug|Any CPU
		{614139C7-E32D-4CB2-B403-E4ED27CA5B02}.Release|Any CPU.ActiveCfg = Release|Any CPU
		{614139C7-E32D-4CB2-B403-E4ED27CA5B02}.Release|Any CPU.Build.0 = Release|Any CPU
		{3D7E6F52-8DC0-4472-85FA-55CB44B5FB71}.Debug|Any CPU.ActiveCfg = Debug|Any CPU
		{3D7E6F52-8DC0-4472-85FA-55CB44B5FB71}.Debug|Any CPU.Build.0 = Debug|Any CPU
		{3D7E6F52-8DC0-4472-85FA-55CB44B5FB71}.Release|Any CPU.ActiveCfg = Release|Any CPU
		{3D7E6F52-8DC0-4472-85FA-55CB44B5FB71}.Release|Any CPU.Build.0 = Release|Any CPU
		{150C28A7-F8A6-41C0-80DF-99E0680785AA}.Debug|Any CPU.ActiveCfg = Debug|Any CPU
		{150C28A7-F8A6-41C0-80DF-99E0680785AA}.Debug|Any CPU.Build.0 = Debug|Any CPU
		{150C28A7-F8A6-41C0-80DF-99E0680785AA}.Release|Any CPU.ActiveCfg = Release|Any CPU
		{150C28A7-F8A6-41C0-80DF-99E0680785AA}.Release|Any CPU.Build.0 = Release|Any CPU
		{A69BDFE3-3A9C-48B6-9A1C-025716D0737D}.Debug|Any CPU.ActiveCfg = Debug|Any CPU
		{A69BDFE3-3A9C-48B6-9A1C-025716D0737D}.Debug|Any CPU.Build.0 = Debug|Any CPU
		{A69BDFE3-3A9C-48B6-9A1C-025716D0737D}.Release|Any CPU.ActiveCfg = Release|Any CPU
		{A69BDFE3-3A9C-48B6-9A1C-025716D0737D}.Release|Any CPU.Build.0 = Release|Any CPU
		{54BF9054-C8DC-406A-BBE7-10CDC5BDD0D4}.Debug|Any CPU.ActiveCfg = Debug|Any CPU
		{54BF9054-C8DC-406A-BBE7-10CDC5BDD0D4}.Debug|Any CPU.Build.0 = Debug|Any CPU
		{54BF9054-C8DC-406A-BBE7-10CDC5BDD0D4}.Release|Any CPU.ActiveCfg = Release|Any CPU
		{54BF9054-C8DC-406A-BBE7-10CDC5BDD0D4}.Release|Any CPU.Build.0 = Release|Any CPU
		{67013264-1A71-4807-A102-639C7E5132AF}.Debug|Any CPU.ActiveCfg = Debug|Any CPU
		{67013264-1A71-4807-A102-639C7E5132AF}.Debug|Any CPU.Build.0 = Debug|Any CPU
		{67013264-1A71-4807-A102-639C7E5132AF}.Release|Any CPU.ActiveCfg = Release|Any CPU
		{67013264-1A71-4807-A102-639C7E5132AF}.Release|Any CPU.Build.0 = Release|Any CPU
		{CACBF947-89ED-4463-ABC8-C70D38CC697E}.Debug|Any CPU.ActiveCfg = Debug|Any CPU
		{CACBF947-89ED-4463-ABC8-C70D38CC697E}.Debug|Any CPU.Build.0 = Debug|Any CPU
		{CACBF947-89ED-4463-ABC8-C70D38CC697E}.Release|Any CPU.ActiveCfg = Release|Any CPU
		{CACBF947-89ED-4463-ABC8-C70D38CC697E}.Release|Any CPU.Build.0 = Release|Any CPU
	EndGlobalSection
EndGlobal
